
Microsoft Visual Studio Solution File, Format Version 12.00
# Visual Studio Version 17
VisualStudioVersion = 17.0.32112.339
MinimumVisualStudioVersion = 10.0.40219.1
Project("{FAE04EC0-301F-11D3-BF4B-00C04F79EFBC}") = "Number", "Number\Number.csproj", "{0F1277D9-8F86-48DF-89C8-04DB855A14D3}"
EndProject
Global
	GlobalSection(SolutionConfigurationPlatforms) = preSolution
		Debug|Any CPU = Debug|Any CPU
		Release|Any CPU = Release|Any CPU
	EndGlobalSection
	GlobalSection(ProjectConfigurationPlatforms) = postSolution
		{0F1277D9-8F86-48DF-89C8-04DB855A14D3}.Debug|Any CPU.ActiveCfg = Debug|Any CPU
		{0F1277D9-8F86-48DF-89C8-04DB855A14D3}.Debug|Any CPU.Build.0 = Debug|Any CPU
		{0F1277D9-8F86-48DF-89C8-04DB855A14D3}.Release|Any CPU.ActiveCfg = Release|Any CPU
		{0F1277D9-8F86-48DF-89C8-04DB855A14D3}.Release|Any CPU.Build.0 = Release|Any CPU
	EndGlobalSection
	GlobalSection(SolutionProperties) = preSolution
		HideSolutionNode = FALSE
	EndGlobalSection
	GlobalSection(ExtensibilityGlobals) = postSolution
		SolutionGuid = {E46D5479-8AC3-48BA-B841-F37A69AE8ED6}
	EndGlobalSection
EndGlobal
